{
  "version": 4,
  "terraform_version": "1.3.0",
  "serial": 5,
  "lineage": "bf48ad46-ad4f-4a4c-3b81-b19fc45cd7a1",
  "outputs": {},
  "resources": [
    {
      "mode": "managed",
      "type": "google_container_cluster",
      "name": "gke-cluster-spot",
      "provider": "provider[\"registry.terraform.io/hashicorp/google\"]",
      "instances": [
        {
          "schema_version": 1,
          "attributes": {
            "addons_config": [
              {
                "cloudrun_config": [],
                "config_connector_config": [],
                "dns_cache_config": [],
                "gce_persistent_disk_csi_driver_config": [
                  {
                    "enabled": true
                  }
                ],
                "gcp_filestore_csi_driver_config": [],
                "gke_backup_agent_config": [],
                "horizontal_pod_autoscaling": [],
                "http_load_balancing": [],
                "network_policy_config": [
                  {
                    "disabled": true
                  }
                ]
              }
            ],
            "authenticator_groups_config": [],
            "binary_authorization": [
              {
                "enabled": false,
                "evaluation_mode": ""
              }
            ],
            "cluster_autoscaling": [
              {
                "auto_provisioning_defaults": [],
                "enabled": false,
                "resource_limits": []
              }
            ],
            "cluster_ipv4_cidr": "10.113.14.0/23",
            "confidential_nodes": [],
            "cost_management_config": [],
            "database_encryption": [
              {
                "key_name": "",
                "state": "DECRYPTED"
              }
            ],
            "datapath_provider": "",
            "default_max_pods_per_node": 32,
            "default_snat_status": [
              {
                "disabled": false
              }
            ],
            "description": "",
            "dns_config": [],
            "enable_autopilot": false,
            "enable_binary_authorization": false,
            "enable_intranode_visibility": false,
            "enable_kubernetes_alpha": false,
            "enable_l4_ilb_subsetting": false,
            "enable_legacy_abac": false,
            "enable_shielded_nodes": true,
            "enable_tpu": false,
            "endpoint": "34.128.123.245",
            "gateway_api_config": [],
            "id": "projects/edm-etl-aibint-pground-9256/locations/asia-southeast2-b/clusters/gke-cluster-spot",
            "initial_node_count": 0,
            "ip_allocation_policy": [
              {
                "cluster_ipv4_cidr_block": "10.113.14.0/23",
                "cluster_secondary_range_name": "subnet-as2-nonprod-edm-etl-abint-pground-pods",
                "services_ipv4_cidr_block": "10.113.8.128/26",
                "services_secondary_range_name": "subnet-as2-nonprod-edm-etl-abint-pground-svcs",
                "stack_type": "IPV4"
              }
            ],
            "label_fingerprint": "a9dc16a7",
            "location": "asia-southeast2-b",
            "logging_config": [
              {
                "enable_components": [
                  "SYSTEM_COMPONENTS",
                  "WORKLOADS"
                ]
              }
            ],
            "logging_service": "logging.googleapis.com/kubernetes",
            "maintenance_policy": [],
            "master_auth": [
              {
                "client_certificate": "",
                "client_certificate_config": [
                  {
                    "issue_client_certificate": false
                  }
                ],
                "client_key": "",
                "cluster_ca_certificate": "LS0tLS1CRUdJTiBDRVJUSUZJQ0FURS0tLS0tCk1JSUVMVENDQXBXZ0F3SUJBZ0lSQU5UcEpaT2hCaWNuT2dCZHlMemxRQ2d3RFFZSktvWklodmNOQVFFTEJRQXcKTHpFdE1Dc0dBMVVFQXhNa1l6Wm1NalUyTnpVdE0ySmtZaTAwT0dFNUxUZ3paVFF0TXpKbU1qVTBPVGd3TkRNMwpNQ0FYRFRJek1EUXdOakV3TlRjd09Wb1lEekl3TlRNd016STVNVEUxTnpBNVdqQXZNUzB3S3dZRFZRUURFeVJqCk5tWXlOVFkzTlMwelltUmlMVFE0WVRrdE9ETmxOQzB6TW1ZeU5UUTVPREEwTXpjd2dnR2lNQTBHQ1NxR1NJYjMKRFFFQkFRVUFBNElCandBd2dnR0tBb0lCZ1FDb3hUQmkyYy9IZjBmT2ltZFNzRURYMXlLcXFaelM5bkIxQ29NMQpxYS9oZjZiZzJOMFIxOEFQbnRDUkpWa1BOcndPbzRRdW1MakwzRTZ2VVBHdjhzc2ZJWjhJbi9VNGRielFrUEJSCk1lMEUySmVMTTFBR3BLNi9hRitpdUlNUTBDMEtQY2EwOXkvRUZ5bGZYWWZ6UW9LZVpTTXQwdjZBY3o1RzhNcXkKNm1aS2lmTnMzREZ4K08yUTZYV2RZcjg4cjJUOGljOWpQb1hpWTNJRkh5QXZQNmhIenRNNTZFcyt2cGdCQWErWApkTGJFM3J0MEwrSFZqK1hMZ3puejJSRnQ3MXRVWlZsaDBVUDZ3V215Qi9QS0NLWXBPYjlsZ0ZoaUdQbGpDTlRrCnFKa3FWdGk1allPN1VuNXBGcngvRzFLWDlzVVdHZGhlL0ZzRXR2cFFSTlU1N1g3WXMzK0V4TWo2eGRWelpTWk8KQnkreFBzWVpraFZESkVUbkVYVzNsc2N5VkJoNmo2NnJKcUh5ajJDNiszeXBYSjA2SlFvSHQxSXBiK1JZNFEvZgpyK041Q0l4TXIzUnpvejZVOG5YUnlnVWhEdjRrcGV0UHdFM2ZKZENKcFc1dkhOMTJ6Z3NXY01zSEpoTTc4NUs4CmNQUEFHblFwU0R3dlVsRTRzR3lPYTM0bENlMENBd0VBQWFOQ01FQXdEZ1lEVlIwUEFRSC9CQVFEQWdJRU1BOEcKQTFVZEV3RUIvd1FGTUFNQkFmOHdIUVlEVlIwT0JCWUVGQU1PZ0d5WjlNUFB2Qmw3K2ZuQmRjMzlxSEhaTUEwRwpDU3FHU0liM0RRRUJDd1VBQTRJQmdRQ1pxcGFmWGpxWUdDSENYd1UvYTNWa2t4MWpFbDgvSEdpeW1oMFZVek1QCkZ0b2I0OWQralVKMjBIUFRtSHAwQWRRUWJENjNVSFo4cDc1bEZNYWpaNEtSVStQU2t2RmJHWk9WTm0yaFc2TXcKUzlaZ2Foc3JzaUM2YklnMTQwMk5jMmJBYVRyKzVXb3FEcFhTelFQbE5FNVNQSCsySVpFb0RqYjYveUI1UGFDNwpGTVpFa29pZ2F0ZXZKMzJqQUc2VnBlcU5hRm9TVTNoV2M2LzRxeXJDbDV1a1ZDOVB2dFNuK2xBaE1zb2xyRW9FCnpJMENCeGJzME9NV0ltbS90aDZPTDljUFhZRDlZK24vMHdDaTZyemJVek9QbGFLaHVvdlE4NUU5R0wzb01DeVAKWWhsRXo2TTR2UG00ays0QzdVWU84OEJQTUZzaVdoT1VNaXZtd203L0FQbS9hVEZlSGRwRnozdnNIVDBvbUtuRQpodDNUOTdMcEtRallFNkV1cE1MVmtEeVpXWW00ejhLd1lxZERhbjF2dllTbkpFSlhJMDg5N2VCcWVJVmkxYUtnCnFSOWV4RE54alkvOWJ0MWNBREtqOGIyUkozT01Fb3dQRENzQ3AvSlNRTytyQmN4bGp1SEFGRnRab0x3RXFXSnIKYVkrc2xRYjg2QkU1cm5ENXZVWEl2cjA9Ci0tLS0tRU5EIENFUlRJRklDQVRFLS0tLS0K"
              }
            ],
            "master_authorized_networks_config": [],
            "master_version": "1.24.9-gke.3200",
            "mesh_certificates": [],
            "min_master_version": null,
            "monitoring_config": [
              {
                "enable_components": [
                  "SYSTEM_COMPONENTS"
                ],
                "managed_prometheus": []
              }
            ],
            "monitoring_service": "monitoring.googleapis.com/kubernetes",
            "name": "gke-cluster-spot",
            "network": "projects/xlcoid-nonprod-26e3/global/networks/shared-vpc-host-nonprod",
            "network_policy": [
              {
                "enabled": false,
                "provider": "PROVIDER_UNSPECIFIED"
              }
            ],
            "networking_mode": "VPC_NATIVE",
            "node_config": [
              {
                "advanced_machine_features": [],
                "boot_disk_kms_key": "",
                "disk_size_gb": 100,
                "disk_type": "pd-balanced",
                "gcfs_config": [],
                "guest_accelerator": [],
                "gvnic": [],
                "image_type": "COS_CONTAINERD",
                "kubelet_config": [],
                "labels": {},
                "linux_node_config": [],
                "local_nvme_ssd_block_config": [],
                "local_ssd_count": 0,
                "logging_variant": "DEFAULT",
                "machine_type": "e2-highmem-8",
                "metadata": {
                  "disable-legacy-endpoints": "true"
                },
                "min_cpu_platform": "",
                "node_group": "",
                "oauth_scopes": [
                  "https://www.googleapis.com/auth/cloud-platform",
                  "https://www.googleapis.com/auth/userinfo.email"
                ],
                "preemptible": false,
                "reservation_affinity": [],
                "resource_labels": {},
                "service_account": "project-service-account@edm-etl-aibint-pground-9256.iam.gserviceaccount.com",
                "shielded_instance_config": [
                  {
                    "enable_integrity_monitoring": true,
                    "enable_secure_boot": false
                  }
                ],
                "spot": true,
                "tags": [
                  "edm-etl-aibint-pground-9256"
                ],
                "taint": [],
                "workload_metadata_config": []
              }
            ],
            "node_locations": [],
            "node_pool": [
              {
                "autoscaling": [],
                "initial_node_count": 3,
                "instance_group_urls": [
                  "https://www.googleapis.com/compute/v1/projects/edm-etl-aibint-pground-9256/zones/asia-southeast2-b/instanceGroupManagers/gke-gke-cluster-spot-spot-pool-73cad963-grp"
                ],
                "managed_instance_group_urls": [
                  "https://www.googleapis.com/compute/v1/projects/edm-etl-aibint-pground-9256/zones/asia-southeast2-b/instanceGroups/gke-gke-cluster-spot-spot-pool-73cad963-grp"
                ],
                "management": [
                  {
                    "auto_repair": true,
                    "auto_upgrade": true
                  }
                ],
                "max_pods_per_node": 32,
                "name": "spot-pool",
                "name_prefix": "",
                "network_config": [
                  {
                    "create_pod_range": false,
                    "enable_private_nodes": true,
                    "pod_ipv4_cidr_block": "10.113.14.0/23",
                    "pod_range": "subnet-as2-nonprod-edm-etl-abint-pground-pods"
                  }
                ],
                "node_config": [
                  {
                    "advanced_machine_features": [],
                    "boot_disk_kms_key": "",
                    "disk_size_gb": 100,
                    "disk_type": "pd-balanced",
                    "gcfs_config": [],
                    "guest_accelerator": [],
                    "gvnic": [],
                    "image_type": "COS_CONTAINERD",
                    "kubelet_config": [],
                    "labels": {},
                    "linux_node_config": [],
                    "local_nvme_ssd_block_config": [],
                    "local_ssd_count": 0,
                    "logging_variant": "DEFAULT",
                    "machine_type": "e2-highmem-8",
                    "metadata": {
                      "disable-legacy-endpoints": "true"
                    },
                    "min_cpu_platform": "",
                    "node_group": "",
                    "oauth_scopes": [
                      "https://www.googleapis.com/auth/cloud-platform",
                      "https://www.googleapis.com/auth/userinfo.email"
                    ],
                    "preemptible": false,
                    "reservation_affinity": [],
                    "resource_labels": null,
                    "service_account": "project-service-account@edm-etl-aibint-pground-9256.iam.gserviceaccount.com",
                    "shielded_instance_config": [
                      {
                        "enable_integrity_monitoring": true,
                        "enable_secure_boot": false
                      }
                    ],
                    "spot": true,
                    "tags": [
                      "edm-etl-aibint-pground-9256"
                    ],
                    "taint": [],
                    "workload_metadata_config": []
                  }
                ],
                "node_count": 3,
                "node_locations": [
                  "asia-southeast2-b"
                ],
                "placement_policy": [],
                "upgrade_settings": [
                  {
                    "blue_green_settings": [],
                    "max_surge": 1,
                    "max_unavailable": 0,
                    "strategy": "SURGE"
                  }
                ],
                "version": "1.24.9-gke.3200"
              }
            ],
            "node_pool_defaults": [
              {
                "node_config_defaults": [
                  {
                    "logging_variant": "DEFAULT"
                  }
                ]
              }
            ],
            "node_version": "1.24.9-gke.3200",
            "notification_config": [
              {
                "pubsub": [
                  {
                    "enabled": false,
                    "filter": [],
                    "topic": ""
                  }
                ]
              }
            ],
            "operation": null,
            "private_cluster_config": [
              {
                "enable_private_endpoint": false,
                "enable_private_nodes": false,
                "master_global_access_config": [
                  {
                    "enabled": false
                  }
                ],
                "master_ipv4_cidr_block": "",
                "peering_name": "",
                "private_endpoint": "10.44.153.184",
                "private_endpoint_subnetwork": "",
                "public_endpoint": "34.128.123.245"
              }
            ],
            "private_ipv6_google_access": "",
            "project": "edm-etl-aibint-pground-9256",
            "release_channel": [
              {
                "channel": "REGULAR"
              }
            ],
            "remove_default_node_pool": null,
            "resource_labels": null,
            "resource_usage_export_config": [],
            "self_link": "https://container.googleapis.com/v1/projects/edm-etl-aibint-pground-9256/zones/asia-southeast2-b/clusters/gke-cluster-spot",
            "service_external_ips_config": [
              {
                "enabled": false
              }
            ],
            "services_ipv4_cidr": "10.113.8.128/26",
            "subnetwork": "projects/xlcoid-nonprod-26e3/regions/asia-southeast2/subnetworks/subnet-as2-nonprod-edm-etl-abint-pground-nodes",
            "timeouts": null,
            "tpu_ipv4_cidr_block": "",
            "vertical_pod_autoscaling": [
              {
                "enabled": false
              }
            ],
            "workload_identity_config": []
          },
          "sensitive_attributes": [],
          "private": "eyJlMmJmYjczMC1lY2FhLTExZTYtOGY4OC0zNDM2M2JjN2M0YzAiOnsiY3JlYXRlIjoyNDAwMDAwMDAwMDAwLCJkZWxldGUiOjI0MDAwMDAwMDAwMDAsInJlYWQiOjI0MDAwMDAwMDAwMDAsInVwZGF0ZSI6MzYwMDAwMDAwMDAwMH0sInNjaGVtYV92ZXJzaW9uIjoiMSJ9"
        }
      ]
    }
  ],
  "check_results": []
}
