{
  "version": 4,
  "terraform_version": "1.3.0",
  "serial": 21,
  "lineage": "1e8351b5-6777-91b6-715c-f22bfd7fe19d",
  "outputs": {},
  "resources": [
    {
      "mode": "managed",
      "type": "google_sql_database",
      "name": "default1",
      "provider": "provider[\"registry.terraform.io/hashicorp/google\"]",
      "instances": [
        {
          "schema_version": 0,
          "attributes": {
            "charset": "UTF8",
            "collation": "en_US.UTF8",
            "id": "projects/edm-etl-aibint-pground-9256/instances/my-sql-instance1/databases/default1",
            "instance": "my-sql-instance1",
            "name": "default1",
            "project": "edm-etl-aibint-pground-9256",
            "self_link": "https://www.googleapis.com/sql/v1beta4/projects/edm-etl-aibint-pground-9256/instances/my-sql-instance1/databases/default1",
            "timeouts": null
          },
          "sensitive_attributes": [],
          "private": "eyJlMmJmYjczMC1lY2FhLTExZTYtOGY4OC0zNDM2M2JjN2M0YzAiOnsiY3JlYXRlIjo5MDAwMDAwMDAwMDAsImRlbGV0ZSI6NjAwMDAwMDAwMDAwLCJ1cGRhdGUiOjYwMDAwMDAwMDAwMH19",
          "dependencies": [
            "google_sql_database_instance.instance1"
          ]
        }
      ]
    },
    {
      "mode": "managed",
      "type": "google_sql_database_instance",
      "name": "instance1",
      "provider": "provider[\"registry.terraform.io/hashicorp/google\"]",
      "instances": [
        {
          "schema_version": 0,
          "attributes": {
            "connection_name": "edm-etl-aibint-pground-9256:asia-southeast2:my-sql-instance1",
            "database_version": "POSTGRES_14",
            "first_ip_address": "172.26.224.83",
            "id": "my-sql-instance1",
            "ip_address": [
              {
                "ip_address": "172.26.224.83",
                "time_to_retire": "",
                "type": "PRIVATE"
              }
            ],
            "master_instance_name": "",
            "name": "my-sql-instance1",
            "private_ip_address": "172.26.224.83",
            "project": "edm-etl-aibint-pground-9256",
            "public_ip_address": "",
            "region": "asia-southeast2",
            "replica_configuration": [],
            "self_link": "https://www.googleapis.com/sql/v1beta4/projects/edm-etl-aibint-pground-9256/instances/my-sql-instance1",
            "server_ca_cert": [
              {
                "cert": "-----BEGIN CERTIFICATE-----\nMIIDfzCCAmegAwIBAgIBADANBgkqhkiG9w0BAQsFADB3MS0wKwYDVQQuEyRhYTQ5\nYjI3My01MWU2LTRiZDctOThiOC1kMmRiMTZmMjdjMWQxIzAhBgNVBAMTGkdvb2ds\nZSBDbG91ZCBTUUwgU2VydmVyIENBMRQwEgYDVQQKEwtHb29nbGUsIEluYzELMAkG\nA1UEBhMCVVMwHhcNMjMwMjIyMTY0NjM5WhcNMzMwMjE5MTY0NzM5WjB3MS0wKwYD\nVQQuEyRhYTQ5YjI3My01MWU2LTRiZDctOThiOC1kMmRiMTZmMjdjMWQxIzAhBgNV\nBAMTGkdvb2dsZSBDbG91ZCBTUUwgU2VydmVyIENBMRQwEgYDVQQKEwtHb29nbGUs\nIEluYzELMAkGA1UEBhMCVVMwggEiMA0GCSqGSIb3DQEBAQUAA4IBDwAwggEKAoIB\nAQCLl2a11tsfRUBgCi4dWGDvQ5pXHyYwHp8wIU8ZDe6BbeZ5ZfAQOxCcy+NJCirk\nzAokdo2kqP+EHliYOro0Yxnh+UjcNQItXWk1/iQpi8kN+j0JM6dw3AuZPkhGWFXJ\nIQC9xQmxpl60gcDpsKIHqMQy6dc68IFuGMmS2JXsew0HDOexShC/R4y2Sw+4tcFq\nFWyjhbWte7u1RgOaDu7GyUwRGZe3ZY7MRnJsfmtE6HsJs5fe5CSVZtbepaewNxg+\nuxVeLFQv2zNAlC6YYPhMOn522EH9vAbOofgJX6OEarR32Oc0dT5yXAs+WlzsHSK0\na00MjVqnmeP/Mm8cEXkJ6jK3AgMBAAGjFjAUMBIGA1UdEwEB/wQIMAYBAf8CAQAw\nDQYJKoZIhvcNAQELBQADggEBAIgvRKHPyZzcFsO8YxBKH30rNh0La6QhJoxGAjhZ\np3tusDuCes5pA9ZWGszsBGtchVkfsGU0ZFLor+zpiQ8Xv6FEVzoQBQZTDJLih6+V\n5mxUGwTRmO2PMrMWVed/y1NwywQ4m0kp09rVKu1UK1r0tGwQKhtG/sEqy8elKf3c\ny1JbNy6/4qeqQ3dNCtptUO2Nv/ro8boOmo6FMcgKfr3tIE2cSvzdUgYbolUBaV4w\nOksqbG4GMElTEnXlPeeutBRqUL3DfkrgWxY9HAk5+4y4YLzlioqB03KfQ2+Fawnq\n3ep8FhBIsjn3jFUTgz86U1JiibC1+CF2MQkTCVuSL0F1fmQ=\n-----END CERTIFICATE-----",
                "common_name": "C=US,O=Google\\, Inc,CN=Google Cloud SQL Server CA,dnQualifier=aa49b273-51e6-4bd7-98b8-d2db16f27c1d",
                "create_time": "2023-02-22T16:46:39.399Z",
                "expiration_time": "2033-02-19T16:47:39.399Z",
                "sha1_fingerprint": "8422f83a979835892c652fe7a079967c475e409c"
              }
            ],
            "service_account_email_address": "p828335364496-z0k39h@gcp-sa-cloud-sql.iam.gserviceaccount.com",
            "settings": [
              {
                "activation_policy": "ALWAYS",
                "authorized_gae_applications": null,
                "availability_type": "ZONAL",
                "backup_configuration": [
                  {
                    "binary_log_enabled": false,
                    "enabled": false,
                    "location": "",
                    "start_time": "18:00"
                  }
                ],
                "crash_safe_replication": false,
                "database_flags": [],
                "disk_autoresize": true,
                "disk_size": 10,
                "disk_type": "PD_SSD",
                "ip_configuration": [
                  {
                    "authorized_networks": [],
                    "ipv4_enabled": false,
                    "private_network": "projects/xlcoid-nonprod-26e3/global/networks/shared-vpc-host-nonprod",
                    "require_ssl": false
                  }
                ],
                "location_preference": [
                  {
                    "follow_gae_application": "",
                    "zone": "asia-southeast2-a"
                  }
                ],
                "maintenance_window": [],
                "pricing_plan": "PER_USE",
                "replication_type": "SYNCHRONOUS",
                "tier": "db-f1-micro",
                "user_labels": null,
                "version": 1
              }
            ],
            "timeouts": null
          },
          "sensitive_attributes": [],
          "private": "eyJlMmJmYjczMC1lY2FhLTExZTYtOGY4OC0zNDM2M2JjN2M0YzAiOnsiY3JlYXRlIjoxMjAwMDAwMDAwMDAwLCJkZWxldGUiOjEyMDAwMDAwMDAwMDAsInVwZGF0ZSI6MTIwMDAwMDAwMDAwMH19"
        }
      ]
    },
    {
      "mode": "managed",
      "type": "google_sql_user",
      "name": "default1",
      "provider": "provider[\"registry.terraform.io/hashicorp/google\"]",
      "instances": [
        {
          "schema_version": 1,
          "attributes": {
            "host": "",
            "id": "default1//my-sql-instance1",
            "instance": "my-sql-instance1",
            "name": "default1",
            "password": "password",
            "project": "edm-etl-aibint-pground-9256"
          },
          "sensitive_attributes": [],
          "private": "eyJzY2hlbWFfdmVyc2lvbiI6IjEifQ==",
          "dependencies": [
            "google_sql_database_instance.instance1"
          ]
        }
      ]
    }
  ],
  "check_results": []
}
